
Microsoft Visual Studio Solution File, Format Version 12.00
# Visual Studio Version 16
VisualStudioVersion = 16.0.31729.503
MinimumVisualStudioVersion = 10.0.40219.1
Project("{FAE04EC0-301F-11D3-BF4B-00C04F79EFBC}") = "Northwind.WebFormsUI", "Northwind.WebFormsUI\Northwind.WebFormsUI.csproj", "{401EE9A4-F3D7-4901-8882-0A27B7026156}"
EndProject
Project("{FAE04EC0-301F-11D3-BF4B-00C04F79EFBC}") = "Northwind.Business", "Northwind.Business\Northwind.Business.csproj", "{8FE8ADCB-2F5D-4797-A3AB-ED37938DD472}"
EndProject
Project("{FAE04EC0-301F-11D3-BF4B-00C04F79EFBC}") = "Northwind.DataAccess", "Northwind.DataAccess\Northwind.DataAccess.csproj", "{AFCADDD6-B5E7-4564-9306-43F5194FE8A5}"
EndProject
Project("{FAE04EC0-301F-11D3-BF4B-00C04F79EFBC}") = "Northwind.Entities", "Northwind.Entities\Northwind.Entities.csproj", "{D4821A67-7DB7-4442-B33B-135ED5E12C23}"
EndProject
Global
	GlobalSection(SolutionConfigurationPlatforms) = preSolution
		Debug|Any CPU = Debug|Any CPU
		Release|Any CPU = Release|Any CPU
	EndGlobalSection
	GlobalSection(ProjectConfigurationPlatforms) = postSolution
		{401EE9A4-F3D7-4901-8882-0A27B7026156}.Debug|Any CPU.ActiveCfg = Debug|Any CPU
		{401EE9A4-F3D7-4901-8882-0A27B7026156}.Debug|Any CPU.Build.0 = Debug|Any CPU
		{401EE9A4-F3D7-4901-8882-0A27B7026156}.Release|Any CPU.ActiveCfg = Release|Any CPU
		{401EE9A4-F3D7-4901-8882-0A27B7026156}.Release|Any CPU.Build.0 = Release|Any CPU
		{8FE8ADCB-2F5D-4797-A3AB-ED37938DD472}.Debug|Any CPU.ActiveCfg = Debug|Any CPU
		{8FE8ADCB-2F5D-4797-A3AB-ED37938DD472}.Debug|Any CPU.Build.0 = Debug|Any CPU
		{8FE8ADCB-2F5D-4797-A3AB-ED37938DD472}.Release|Any CPU.ActiveCfg = Release|Any CPU
		{8FE8ADCB-2F5D-4797-A3AB-ED37938DD472}.Release|Any CPU.Build.0 = Release|Any CPU
		{AFCADDD6-B5E7-4564-9306-43F5194FE8A5}.Debug|Any CPU.ActiveCfg = Debug|Any CPU
		{AFCADDD6-B5E7-4564-9306-43F5194FE8A5}.Debug|Any CPU.Build.0 = Debug|Any CPU
		{AFCADDD6-B5E7-4564-9306-43F5194FE8A5}.Release|Any CPU.ActiveCfg = Release|Any CPU
		{AFCADDD6-B5E7-4564-9306-43F5194FE8A5}.Release|Any CPU.Build.0 = Release|Any CPU
		{D4821A67-7DB7-4442-B33B-135ED5E12C23}.Debug|Any CPU.ActiveCfg = Debug|Any CPU
		{D4821A67-7DB7-4442-B33B-135ED5E12C23}.Debug|Any CPU.Build.0 = Debug|Any CPU
		{D4821A67-7DB7-4442-B33B-135ED5E12C23}.Release|Any CPU.ActiveCfg = Release|Any CPU
		{D4821A67-7DB7-4442-B33B-135ED5E12C23}.Release|Any CPU.Build.0 = Release|Any CPU
	EndGlobalSection
	GlobalSection(SolutionProperties) = preSolution
		HideSolutionNode = FALSE
	EndGlobalSection
	GlobalSection(ExtensibilityGlobals) = postSolution
		SolutionGuid = {E1B71D59-A72F-42E2-8539-5A688254A805}
	EndGlobalSection
EndGlobal
